
Microsoft Visual Studio Solution File, Format Version 12.00
# Visual Studio Version 17
VisualStudioVersion = 17.1.32319.34
MinimumVisualStudioVersion = 10.0.40219.1
Project("{FAE04EC0-301F-11D3-BF4B-00C04F79EFBC}") = "June8ConsoleApp", "June8ConsoleApp\June8ConsoleApp.csproj", "{80C11E31-E6AE-4F88-BC1C-A0E5551664AA}"
EndProject
Global
	GlobalSection(SolutionConfigurationPlatforms) = preSolution
		Debug|Any CPU = Debug|Any CPU
		Release|Any CPU = Release|Any CPU
	EndGlobalSection
	GlobalSection(ProjectConfigurationPlatforms) = postSolution
		{80C11E31-E6AE-4F88-BC1C-A0E5551664AA}.Debug|Any CPU.ActiveCfg = Debug|Any CPU
		{80C11E31-E6AE-4F88-BC1C-A0E5551664AA}.Debug|Any CPU.Build.0 = Debug|Any CPU
		{80C11E31-E6AE-4F88-BC1C-A0E5551664AA}.Release|Any CPU.ActiveCfg = Release|Any CPU
		{80C11E31-E6AE-4F88-BC1C-A0E5551664AA}.Release|Any CPU.Build.0 = Release|Any CPU
	EndGlobalSection
	GlobalSection(SolutionProperties) = preSolution
		HideSolutionNode = FALSE
	EndGlobalSection
	GlobalSection(ExtensibilityGlobals) = postSolution
		SolutionGuid = {3C20C442-CB45-4CB5-AEEA-CE9F11D8B559}
	EndGlobalSection
EndGlobal
